
Microsoft Visual Studio Solution File, Format Version 12.00
# Visual Studio Version 16
VisualStudioVersion = 16.0.31025.194
MinimumVisualStudioVersion = 10.0.40219.1
Project("{FAE04EC0-301F-11D3-BF4B-00C04F79EFBC}") = "КП_КПИЯП", "КП_КПИЯП\КП_КПИЯП.csproj", "{1C251F2A-86BE-4D54-8171-35DCD8840F10}"
EndProject
Global
	GlobalSection(SolutionConfigurationPlatforms) = preSolution
		Debug|Any CPU = Debug|Any CPU
		Release|Any CPU = Release|Any CPU
	EndGlobalSection
	GlobalSection(ProjectConfigurationPlatforms) = postSolution
		{1C251F2A-86BE-4D54-8171-35DCD8840F10}.Debug|Any CPU.ActiveCfg = Debug|Any CPU
		{1C251F2A-86BE-4D54-8171-35DCD8840F10}.Debug|Any CPU.Build.0 = Debug|Any CPU
		{1C251F2A-86BE-4D54-8171-35DCD8840F10}.Release|Any CPU.ActiveCfg = Release|Any CPU
		{1C251F2A-86BE-4D54-8171-35DCD8840F10}.Release|Any CPU.Build.0 = Release|Any CPU
	EndGlobalSection
	GlobalSection(SolutionProperties) = preSolution
		HideSolutionNode = FALSE
	EndGlobalSection
	GlobalSection(ExtensibilityGlobals) = postSolution
		SolutionGuid = {36E829C4-79EE-47AF-BCFB-AED26DDC60C6}
	EndGlobalSection
EndGlobal
